// !$*UTF8*$!
{
	archiveVersion = 1;
	classes = {
	};
	objectVersion = 52;
	objects = {

/* Begin PBXBuildFile section */
		3214F00B2426B4F4004C2410 /* PackagesView.swift in Sources */ = {isa = PBXBuildFile; fileRef = 3214F00A2426B4F4004C2410 /* PackagesView.swift */; };
		3214F00D2426C3AA004C2410 /* PackageDetailView.swift in Sources */ = {isa = PBXBuildFile; fileRef = 3214F00C2426C3AA004C2410 /* PackageDetailView.swift */; };
		3219860224234B9C00F5D410 /* MailboxesView.swift in Sources */ = {isa = PBXBuildFile; fileRef = 3219860124234B9C00F5D410 /* MailboxesView.swift */; };
		3219860424234F2600F5D410 /* Contact.swift in Sources */ = {isa = PBXBuildFile; fileRef = 3219860324234F2600F5D410 /* Contact.swift */; };
		3219860624240A7200F5D410 /* MailboxDetailView.swift in Sources */ = {isa = PBXBuildFile; fileRef = 3219860524240A7200F5D410 /* MailboxDetailView.swift */; };
		32C8DA4F242171E300D49967 /* AppDelegate.swift in Sources */ = {isa = PBXBuildFile; fileRef = 32C8DA4E242171E300D49967 /* AppDelegate.swift */; };
		32C8DA52242171E300D49967 /* terpscan.xcdatamodeld in Sources */ = {isa = PBXBuildFile; fileRef = 32C8DA50242171E300D49967 /* terpscan.xcdatamodeld */; };
		32C8DA54242171E300D49967 /* SceneDelegate.swift in Sources */ = {isa = PBXBuildFile; fileRef = 32C8DA53242171E300D49967 /* SceneDelegate.swift */; };
		32C8DA56242171E400D49967 /* Package.swift in Sources */ = {isa = PBXBuildFile; fileRef = 32C8DA55242171E400D49967 /* Package.swift */; };
		32C8DA58242171E400D49967 /* ContentView.swift in Sources */ = {isa = PBXBuildFile; fileRef = 32C8DA57242171E400D49967 /* ContentView.swift */; };
		32C8DA5A242171E600D49967 /* Assets.xcassets in Resources */ = {isa = PBXBuildFile; fileRef = 32C8DA59242171E600D49967 /* Assets.xcassets */; };
		32C8DA5D242171E600D49967 /* Preview Assets.xcassets in Resources */ = {isa = PBXBuildFile; fileRef = 32C8DA5C242171E600D49967 /* Preview Assets.xcassets */; };
		32C8DA60242171E600D49967 /* LaunchScreen.storyboard in Resources */ = {isa = PBXBuildFile; fileRef = 32C8DA5E242171E600D49967 /* LaunchScreen.storyboard */; };
		32C8DA6B242171E600D49967 /* terpscanTests.swift in Sources */ = {isa = PBXBuildFile; fileRef = 32C8DA6A242171E600D49967 /* terpscanTests.swift */; };
		32C8DA76242171E600D49967 /* terpscanUITests.swift in Sources */ = {isa = PBXBuildFile; fileRef = 32C8DA75242171E600D49967 /* terpscanUITests.swift */; };
		32C8DA902421D3F600D49967 /* CodeScanner in Frameworks */ = {isa = PBXBuildFile; productRef = 32C8DA8F2421D3F600D49967 /* CodeScanner */; };
		32C8DA962421F47F00D49967 /* AddPackageView.swift in Sources */ = {isa = PBXBuildFile; fileRef = 32C8DA952421F47F00D49967 /* AddPackageView.swift */; };
		32C8DA982421F9C600D49967 /* AddMailboxView.swift in Sources */ = {isa = PBXBuildFile; fileRef = 32C8DA972421F9C600D49967 /* AddMailboxView.swift */; };
/* End PBXBuildFile section */

/* Begin PBXContainerItemProxy section */
		32C8DA67242171E600D49967 /* PBXContainerItemProxy */ = {
			isa = PBXContainerItemProxy;
			containerPortal = 32C8DA43242171E300D49967 /* Project object */;
			proxyType = 1;
			remoteGlobalIDString = 32C8DA4A242171E300D49967;
			remoteInfo = terpscan;
		};
		32C8DA72242171E600D49967 /* PBXContainerItemProxy */ = {
			isa = PBXContainerItemProxy;
			containerPortal = 32C8DA43242171E300D49967 /* Project object */;
			proxyType = 1;
			remoteGlobalIDString = 32C8DA4A242171E300D49967;
			remoteInfo = terpscan;
		};
/* End PBXContainerItemProxy section */

/* Begin PBXFileReference section */
		3214F00A2426B4F4004C2410 /* PackagesView.swift */ = {isa = PBXFileReference; lastKnownFileType = sourcecode.swift; path = PackagesView.swift; sourceTree = "<group>"; };
		3214F00C2426C3AA004C2410 /* PackageDetailView.swift */ = {isa = PBXFileReference; lastKnownFileType = sourcecode.swift; path = PackageDetailView.swift; sourceTree = "<group>"; };
		3219860124234B9C00F5D410 /* MailboxesView.swift */ = {isa = PBXFileReference; lastKnownFileType = sourcecode.swift; path = MailboxesView.swift; sourceTree = "<group>"; };
		3219860324234F2600F5D410 /* Contact.swift */ = {isa = PBXFileReference; lastKnownFileType = sourcecode.swift; path = Contact.swift; sourceTree = "<group>"; };
		3219860524240A7200F5D410 /* MailboxDetailView.swift */ = {isa = PBXFileReference; lastKnownFileType = sourcecode.swift; path = MailboxDetailView.swift; sourceTree = "<group>"; };
		32C8DA4B242171E300D49967 /* terpscan.app */ = {isa = PBXFileReference; explicitFileType = wrapper.application; includeInIndex = 0; path = terpscan.app; sourceTree = BUILT_PRODUCTS_DIR; };
		32C8DA4E242171E300D49967 /* AppDelegate.swift */ = {isa = PBXFileReference; lastKnownFileType = sourcecode.swift; path = AppDelegate.swift; sourceTree = "<group>"; };
		32C8DA51242171E300D49967 /* terpscan.xcdatamodel */ = {isa = PBXFileReference; lastKnownFileType = wrapper.xcdatamodel; path = terpscan.xcdatamodel; sourceTree = "<group>"; };
		32C8DA53242171E300D49967 /* SceneDelegate.swift */ = {isa = PBXFileReference; lastKnownFileType = sourcecode.swift; path = SceneDelegate.swift; sourceTree = "<group>"; };
		32C8DA55242171E400D49967 /* Package.swift */ = {isa = PBXFileReference; lastKnownFileType = sourcecode.swift; path = Package.swift; sourceTree = "<group>"; };
		32C8DA57242171E400D49967 /* ContentView.swift */ = {isa = PBXFileReference; lastKnownFileType = sourcecode.swift; path = ContentView.swift; sourceTree = "<group>"; };
		32C8DA59242171E600D49967 /* Assets.xcassets */ = {isa = PBXFileReference; lastKnownFileType = folder.assetcatalog; path = Assets.xcassets; sourceTree = "<group>"; };
		32C8DA5C242171E600D49967 /* Preview Assets.xcassets */ = {isa = PBXFileReference; lastKnownFileType = folder.assetcatalog; path = "Preview Assets.xcassets"; sourceTree = "<group>"; };
		32C8DA5F242171E600D49967 /* Base */ = {isa = PBXFileReference; lastKnownFileType = file.storyboard; name = Base; path = Base.lproj/LaunchScreen.storyboard; sourceTree = "<group>"; };
		32C8DA61242171E600D49967 /* Info.plist */ = {isa = PBXFileReference; lastKnownFileType = text.plist.xml; path = Info.plist; sourceTree = "<group>"; };
		32C8DA66242171E600D49967 /* terpscanTests.xctest */ = {isa = PBXFileReference; explicitFileType = wrapper.cfbundle; includeInIndex = 0; path = terpscanTests.xctest; sourceTree = BUILT_PRODUCTS_DIR; };
		32C8DA6A242171E600D49967 /* terpscanTests.swift */ = {isa = PBXFileReference; lastKnownFileType = sourcecode.swift; path = terpscanTests.swift; sourceTree = "<group>"; };
		32C8DA6C242171E600D49967 /* Info.plist */ = {isa = PBXFileReference; lastKnownFileType = text.plist.xml; path = Info.plist; sourceTree = "<group>"; };
		32C8DA71242171E600D49967 /* terpscanUITests.xctest */ = {isa = PBXFileReference; explicitFileType = wrapper.cfbundle; includeInIndex = 0; path = terpscanUITests.xctest; sourceTree = BUILT_PRODUCTS_DIR; };
		32C8DA75242171E600D49967 /* terpscanUITests.swift */ = {isa = PBXFileReference; lastKnownFileType = sourcecode.swift; path = terpscanUITests.swift; sourceTree = "<group>"; };
		32C8DA77242171E600D49967 /* Info.plist */ = {isa = PBXFileReference; lastKnownFileType = text.plist.xml; path = Info.plist; sourceTree = "<group>"; };
		32C8DA952421F47F00D49967 /* AddPackageView.swift */ = {isa = PBXFileReference; lastKnownFileType = sourcecode.swift; path = AddPackageView.swift; sourceTree = "<group>"; };
		32C8DA972421F9C600D49967 /* AddMailboxView.swift */ = {isa = PBXFileReference; lastKnownFileType = sourcecode.swift; path = AddMailboxView.swift; sourceTree = "<group>"; };
/* End PBXFileReference section */

/* Begin PBXFrameworksBuildPhase section */
		32C8DA48242171E300D49967 /* Frameworks */ = {
			isa = PBXFrameworksBuildPhase;
			buildActionMask = 2147483647;
			files = (
				32C8DA902421D3F600D49967 /* CodeScanner in Frameworks */,
			);
			runOnlyForDeploymentPostprocessing = 0;
		};
		32C8DA63242171E600D49967 /* Frameworks */ = {
			isa = PBXFrameworksBuildPhase;
			buildActionMask = 2147483647;
			files = (
			);
			runOnlyForDeploymentPostprocessing = 0;
		};
		32C8DA6E242171E600D49967 /* Frameworks */ = {
			isa = PBXFrameworksBuildPhase;
			buildActionMask = 2147483647;
			files = (
			);
			runOnlyForDeploymentPostprocessing = 0;
		};
/* End PBXFrameworksBuildPhase section */

/* Begin PBXGroup section */
		32C8DA42242171E300D49967 = {
			isa = PBXGroup;
			children = (
				32C8DA4D242171E300D49967 /* terpscan */,
				32C8DA69242171E600D49967 /* terpscanTests */,
				32C8DA74242171E600D49967 /* terpscanUITests */,
				32C8DA4C242171E300D49967 /* Products */,
			);
			sourceTree = "<group>";
		};
		32C8DA4C242171E300D49967 /* Products */ = {
			isa = PBXGroup;
			children = (
				32C8DA4B242171E300D49967 /* terpscan.app */,
				32C8DA66242171E600D49967 /* terpscanTests.xctest */,
				32C8DA71242171E600D49967 /* terpscanUITests.xctest */,
			);
			name = Products;
			sourceTree = "<group>";
		};
		32C8DA4D242171E300D49967 /* terpscan */ = {
			isa = PBXGroup;
			children = (
				32C8DA4E242171E300D49967 /* AppDelegate.swift */,
				32C8DA53242171E300D49967 /* SceneDelegate.swift */,
				32C8DA57242171E400D49967 /* ContentView.swift */,
				3219860124234B9C00F5D410 /* MailboxesView.swift */,
				3219860524240A7200F5D410 /* MailboxDetailView.swift */,
				32C8DA972421F9C600D49967 /* AddMailboxView.swift */,
				3214F00A2426B4F4004C2410 /* PackagesView.swift */,
				3214F00C2426C3AA004C2410 /* PackageDetailView.swift */,
				32C8DA952421F47F00D49967 /* AddPackageView.swift */,
				3219860324234F2600F5D410 /* Contact.swift */,
				32C8DA55242171E400D49967 /* Package.swift */,
				32C8DA50242171E300D49967 /* terpscan.xcdatamodeld */,
				32C8DA59242171E600D49967 /* Assets.xcassets */,
				32C8DA61242171E600D49967 /* Info.plist */,
				32C8DA5E242171E600D49967 /* LaunchScreen.storyboard */,
				32C8DA5B242171E600D49967 /* Preview Content */,
			);
			path = terpscan;
			sourceTree = "<group>";
		};
		32C8DA5B242171E600D49967 /* Preview Content */ = {
			isa = PBXGroup;
			children = (
				32C8DA5C242171E600D49967 /* Preview Assets.xcassets */,
			);
			path = "Preview Content";
			sourceTree = "<group>";
		};
		32C8DA69242171E600D49967 /* terpscanTests */ = {
			isa = PBXGroup;
			children = (
				32C8DA6A242171E600D49967 /* terpscanTests.swift */,
				32C8DA6C242171E600D49967 /* Info.plist */,
			);
			path = terpscanTests;
			sourceTree = "<group>";
		};
		32C8DA74242171E600D49967 /* terpscanUITests */ = {
			isa = PBXGroup;
			children = (
				32C8DA75242171E600D49967 /* terpscanUITests.swift */,
				32C8DA77242171E600D49967 /* Info.plist */,
			);
			path = terpscanUITests;
			sourceTree = "<group>";
		};
/* End PBXGroup section */

/* Begin PBXNativeTarget section */
		32C8DA4A242171E300D49967 /* terpscan */ = {
			isa = PBXNativeTarget;
			buildConfigurationList = 32C8DA7A242171E600D49967 /* Build configuration list for PBXNativeTarget "terpscan" */;
			buildPhases = (
				32C8DA47242171E300D49967 /* Sources */,
				32C8DA48242171E300D49967 /* Frameworks */,
				32C8DA49242171E300D49967 /* Resources */,
			);
			buildRules = (
			);
			dependencies = (
			);
			name = terpscan;
			packageProductDependencies = (
				32C8DA8F2421D3F600D49967 /* CodeScanner */,
			);
			productName = terpscan;
			productReference = 32C8DA4B242171E300D49967 /* terpscan.app */;
			productType = "com.apple.product-type.application";
		};
		32C8DA65242171E600D49967 /* terpscanTests */ = {
			isa = PBXNativeTarget;
			buildConfigurationList = 32C8DA7D242171E600D49967 /* Build configuration list for PBXNativeTarget "terpscanTests" */;
			buildPhases = (
				32C8DA62242171E600D49967 /* Sources */,
				32C8DA63242171E600D49967 /* Frameworks */,
				32C8DA64242171E600D49967 /* Resources */,
			);
			buildRules = (
			);
			dependencies = (
				32C8DA68242171E600D49967 /* PBXTargetDependency */,
			);
			name = terpscanTests;
			productName = terpscanTests;
			productReference = 32C8DA66242171E600D49967 /* terpscanTests.xctest */;
			productType = "com.apple.product-type.bundle.unit-test";
		};
		32C8DA70242171E600D49967 /* terpscanUITests */ = {
			isa = PBXNativeTarget;
			buildConfigurationList = 32C8DA80242171E600D49967 /* Build configuration list for PBXNativeTarget "terpscanUITests" */;
			buildPhases = (
				32C8DA6D242171E600D49967 /* Sources */,
				32C8DA6E242171E600D49967 /* Frameworks */,
				32C8DA6F242171E600D49967 /* Resources */,
			);
			buildRules = (
			);
			dependencies = (
				32C8DA73242171E600D49967 /* PBXTargetDependency */,
			);
			name = terpscanUITests;
			productName = terpscanUITests;
			productReference = 32C8DA71242171E600D49967 /* terpscanUITests.xctest */;
			productType = "com.apple.product-type.bundle.ui-testing";
		};
/* End PBXNativeTarget section */

/* Begin PBXProject section */
		32C8DA43242171E300D49967 /* Project object */ = {
			isa = PBXProject;
			attributes = {
				LastSwiftUpdateCheck = 1130;
				LastUpgradeCheck = 1130;
				ORGANIZATIONNAME = "Justin Le";
				TargetAttributes = {
					32C8DA4A242171E300D49967 = {
						CreatedOnToolsVersion = 11.3.1;
					};
					32C8DA65242171E600D49967 = {
						CreatedOnToolsVersion = 11.3.1;
						TestTargetID = 32C8DA4A242171E300D49967;
					};
					32C8DA70242171E600D49967 = {
						CreatedOnToolsVersion = 11.3.1;
						TestTargetID = 32C8DA4A242171E300D49967;
					};
				};
			};
			buildConfigurationList = 32C8DA46242171E300D49967 /* Build configuration list for PBXProject "terpscan" */;
			compatibilityVersion = "Xcode 9.3";
			developmentRegion = en;
			hasScannedForEncodings = 0;
			knownRegions = (
				en,
				Base,
			);
			mainGroup = 32C8DA42242171E300D49967;
			packageReferences = (
				32C8DA8E2421D3F600D49967 /* XCRemoteSwiftPackageReference "CodeScanner" */,
			);
			productRefGroup = 32C8DA4C242171E300D49967 /* Products */;
			projectDirPath = "";
			projectRoot = "";
			targets = (
				32C8DA4A242171E300D49967 /* terpscan */,
				32C8DA65242171E600D49967 /* terpscanTests */,
				32C8DA70242171E600D49967 /* terpscanUITests */,
			);
		};
/* End PBXProject section */

/* Begin PBXResourcesBuildPhase section */
		32C8DA49242171E300D49967 /* Resources */ = {
			isa = PBXResourcesBuildPhase;
			buildActionMask = 2147483647;
			files = (
				32C8DA60242171E600D49967 /* LaunchScreen.storyboard in Resources */,
				32C8DA5D242171E600D49967 /* Preview Assets.xcassets in Resources */,
				32C8DA5A242171E600D49967 /* Assets.xcassets in Resources */,
			);
			runOnlyForDeploymentPostprocessing = 0;
		};
		32C8DA64242171E600D49967 /* Resources */ = {
			isa = PBXResourcesBuildPhase;
			buildActionMask = 2147483647;
			files = (
			);
			runOnlyForDeploymentPostprocessing = 0;
		};
		32C8DA6F242171E600D49967 /* Resources */ = {
			isa = PBXResourcesBuildPhase;
			buildActionMask = 2147483647;
			files = (
			);
			runOnlyForDeploymentPostprocessing = 0;
		};
/* End PBXResourcesBuildPhase section */

/* Begin PBXSourcesBuildPhase section */
		32C8DA47242171E300D49967 /* Sources */ = {
			isa = PBXSourcesBuildPhase;
			buildActionMask = 2147483647;
			files = (
				3214F00D2426C3AA004C2410 /* PackageDetailView.swift in Sources */,
				3219860424234F2600F5D410 /* Contact.swift in Sources */,
				32C8DA56242171E400D49967 /* Package.swift in Sources */,
				32C8DA962421F47F00D49967 /* AddPackageView.swift in Sources */,
				3214F00B2426B4F4004C2410 /* PackagesView.swift in Sources */,
				32C8DA58242171E400D49967 /* ContentView.swift in Sources */,
				3219860624240A7200F5D410 /* MailboxDetailView.swift in Sources */,
				32C8DA4F242171E300D49967 /* AppDelegate.swift in Sources */,
				32C8DA52242171E300D49967 /* terpscan.xcdatamodeld in Sources */,
				32C8DA982421F9C600D49967 /* AddMailboxView.swift in Sources */,
				32C8DA54242171E300D49967 /* SceneDelegate.swift in Sources */,
				3219860224234B9C00F5D410 /* MailboxesView.swift in Sources */,
			);
			runOnlyForDeploymentPostprocessing = 0;
		};
		32C8DA62242171E600D49967 /* Sources */ = {
			isa = PBXSourcesBuildPhase;
			buildActionMask = 2147483647;
			files = (
				32C8DA6B242171E600D49967 /* terpscanTests.swift in Sources */,
			);
			runOnlyForDeploymentPostprocessing = 0;
		};
		32C8DA6D242171E600D49967 /* Sources */ = {
			isa = PBXSourcesBuildPhase;
			buildActionMask = 2147483647;
			files = (
				32C8DA76242171E600D49967 /* terpscanUITests.swift in Sources */,
			);
			runOnlyForDeploymentPostprocessing = 0;
		};
/* End PBXSourcesBuildPhase section */

/* Begin PBXTargetDependency section */
		32C8DA68242171E600D49967 /* PBXTargetDependency */ = {
			isa = PBXTargetDependency;
			target = 32C8DA4A242171E300D49967 /* terpscan */;
			targetProxy = 32C8DA67242171E600D49967 /* PBXContainerItemProxy */;
		};
		32C8DA73242171E600D49967 /* PBXTargetDependency */ = {
			isa = PBXTargetDependency;
			target = 32C8DA4A242171E300D49967 /* terpscan */;
			targetProxy = 32C8DA72242171E600D49967 /* PBXContainerItemProxy */;
		};
/* End PBXTargetDependency section */

/* Begin PBXVariantGroup section */
		32C8DA5E242171E600D49967 /* LaunchScreen.storyboard */ = {
			isa = PBXVariantGroup;
			children = (
				32C8DA5F242171E600D49967 /* Base */,
			);
			name = LaunchScreen.storyboard;
			sourceTree = "<group>";
		};
/* End PBXVariantGroup section */

/* Begin XCBuildConfiguration section */
		32C8DA78242171E600D49967 /* Debug */ = {
			isa = XCBuildConfiguration;
			buildSettings = {
				ALWAYS_SEARCH_USER_PATHS = NO;
				CLANG_ANALYZER_NONNULL = YES;
				CLANG_ANALYZER_NUMBER_OBJECT_CONVERSION = YES_AGGRESSIVE;
				CLANG_CXX_LANGUAGE_STANDARD = "gnu++14";
				CLANG_CXX_LIBRARY = "libc++";
				CLANG_ENABLE_MODULES = YES;
				CLANG_ENABLE_OBJC_ARC = YES;
				CLANG_ENABLE_OBJC_WEAK = YES;
				CLANG_WARN_BLOCK_CAPTURE_AUTORELEASING = YES;
				CLANG_WARN_BOOL_CONVERSION = YES;
				CLANG_WARN_COMMA = YES;
				CLANG_WARN_CONSTANT_CONVERSION = YES;
				CLANG_WARN_DEPRECATED_OBJC_IMPLEMENTATIONS = YES;
				CLANG_WARN_DIRECT_OBJC_ISA_USAGE = YES_ERROR;
				CLANG_WARN_DOCUMENTATION_COMMENTS = YES;
				CLANG_WARN_EMPTY_BODY = YES;
				CLANG_WARN_ENUM_CONVERSION = YES;
				CLANG_WARN_INFINITE_RECURSION = YES;
				CLANG_WARN_INT_CONVERSION = YES;
				CLANG_WARN_NON_LITERAL_NULL_CONVERSION = YES;
				CLANG_WARN_OBJC_IMPLICIT_RETAIN_SELF = YES;
				CLANG_WARN_OBJC_LITERAL_CONVERSION = YES;
				CLANG_WARN_OBJC_ROOT_CLASS = YES_ERROR;
				CLANG_WARN_RANGE_LOOP_ANALYSIS = YES;
				CLANG_WARN_STRICT_PROTOTYPES = YES;
				CLANG_WARN_SUSPICIOUS_MOVE = YES;
				CLANG_WARN_UNGUARDED_AVAILABILITY = YES_AGGRESSIVE;
				CLANG_WARN_UNREACHABLE_CODE = YES;
				CLANG_WARN__DUPLICATE_METHOD_MATCH = YES;
				COPY_PHASE_STRIP = NO;
				DEBUG_INFORMATION_FORMAT = dwarf;
				ENABLE_STRICT_OBJC_MSGSEND = YES;
				ENABLE_TESTABILITY = YES;
				GCC_C_LANGUAGE_STANDARD = gnu11;
				GCC_DYNAMIC_NO_PIC = NO;
				GCC_NO_COMMON_BLOCKS = YES;
				GCC_OPTIMIZATION_LEVEL = 0;
				GCC_PREPROCESSOR_DEFINITIONS = (
					"DEBUG=1",
					"$(inherited)",
				);
				GCC_WARN_64_TO_32_BIT_CONVERSION = YES;
				GCC_WARN_ABOUT_RETURN_TYPE = YES_ERROR;
				GCC_WARN_UNDECLARED_SELECTOR = YES;
				GCC_WARN_UNINITIALIZED_AUTOS = YES_AGGRESSIVE;
				GCC_WARN_UNUSED_FUNCTION = YES;
				GCC_WARN_UNUSED_VARIABLE = YES;
				IPHONEOS_DEPLOYMENT_TARGET = 13.2;
				MTL_ENABLE_DEBUG_INFO = INCLUDE_SOURCE;
				MTL_FAST_MATH = YES;
				ONLY_ACTIVE_ARCH = YES;
				SDKROOT = iphoneos;
				SWIFT_ACTIVE_COMPILATION_CONDITIONS = DEBUG;
				SWIFT_OPTIMIZATION_LEVEL = "-Onone";
			};
			name = Debug;
		};
		32C8DA79242171E600D49967 /* Release */ = {
			isa = XCBuildConfiguration;
			buildSettings = {
				ALWAYS_SEARCH_USER_PATHS = NO;
				CLANG_ANALYZER_NONNULL = YES;
				CLANG_ANALYZER_NUMBER_OBJECT_CONVERSION = YES_AGGRESSIVE;
				CLANG_CXX_LANGUAGE_STANDARD = "gnu++14";
				CLANG_CXX_LIBRARY = "libc++";
				CLANG_ENABLE_MODULES = YES;
				CLANG_ENABLE_OBJC_ARC = YES;
				CLANG_ENABLE_OBJC_WEAK = YES;
				CLANG_WARN_BLOCK_CAPTURE_AUTORELEASING = YES;
				CLANG_WARN_BOOL_CONVERSION = YES;
				CLANG_WARN_COMMA = YES;
				CLANG_WARN_CONSTANT_CONVERSION = YES;
				CLANG_WARN_DEPRECATED_OBJC_IMPLEMENTATIONS = YES;
				CLANG_WARN_DIRECT_OBJC_ISA_USAGE = YES_ERROR;
				CLANG_WARN_DOCUMENTATION_COMMENTS = YES;
				CLANG_WARN_EMPTY_BODY = YES;
				CLANG_WARN_ENUM_CONVERSION = YES;
				CLANG_WARN_INFINITE_RECURSION = YES;
				CLANG_WARN_INT_CONVERSION = YES;
				CLANG_WARN_NON_LITERAL_NULL_CONVERSION = YES;
				CLANG_WARN_OBJC_IMPLICIT_RETAIN_SELF = YES;
				CLANG_WARN_OBJC_LITERAL_CONVERSION = YES;
				CLANG_WARN_OBJC_ROOT_CLASS = YES_ERROR;
				CLANG_WARN_RANGE_LOOP_ANALYSIS = YES;
				CLANG_WARN_STRICT_PROTOTYPES = YES;
				CLANG_WARN_SUSPICIOUS_MOVE = YES;
				CLANG_WARN_UNGUARDED_AVAILABILITY = YES_AGGRESSIVE;
				CLANG_WARN_UNREACHABLE_CODE = YES;
				CLANG_WARN__DUPLICATE_METHOD_MATCH = YES;
				COPY_PHASE_STRIP = NO;
				DEBUG_INFORMATION_FORMAT = "dwarf-with-dsym";
				ENABLE_NS_ASSERTIONS = NO;
				ENABLE_STRICT_OBJC_MSGSEND = YES;
				GCC_C_LANGUAGE_STANDARD = gnu11;
				GCC_NO_COMMON_BLOCKS = YES;
				GCC_WARN_64_TO_32_BIT_CONVERSION = YES;
				GCC_WARN_ABOUT_RETURN_TYPE = YES_ERROR;
				GCC_WARN_UNDECLARED_SELECTOR = YES;
				GCC_WARN_UNINITIALIZED_AUTOS = YES_AGGRESSIVE;
				GCC_WARN_UNUSED_FUNCTION = YES;
				GCC_WARN_UNUSED_VARIABLE = YES;
				IPHONEOS_DEPLOYMENT_TARGET = 13.2;
				MTL_ENABLE_DEBUG_INFO = NO;
				MTL_FAST_MATH = YES;
				SDKROOT = iphoneos;
				SWIFT_COMPILATION_MODE = wholemodule;
				SWIFT_OPTIMIZATION_LEVEL = "-O";
				VALIDATE_PRODUCT = YES;
			};
			name = Release;
		};
		32C8DA7B242171E600D49967 /* Debug */ = {
			isa = XCBuildConfiguration;
			buildSettings = {
				ASSETCATALOG_COMPILER_APPICON_NAME = AppIcon;
				CODE_SIGN_STYLE = Automatic;
				DEVELOPMENT_ASSET_PATHS = "\"terpscan/Preview Content\"";
				DEVELOPMENT_TEAM = HS7YUD2Q2D;
				ENABLE_PREVIEWS = YES;
				INFOPLIST_FILE = terpscan/Info.plist;
				LD_RUNPATH_SEARCH_PATHS = (
					"$(inherited)",
					"@executable_path/Frameworks",
				);
				PRODUCT_BUNDLE_IDENTIFIER = edu.umd.jle12345.terpscan;
				PRODUCT_NAME = "$(TARGET_NAME)";
				SWIFT_VERSION = 5.0;
				TARGETED_DEVICE_FAMILY = "1,2";
			};
			name = Debug;
		};
		32C8DA7C242171E600D49967 /* Release */ = {
			isa = XCBuildConfiguration;
			buildSettings = {
				ASSETCATALOG_COMPILER_APPICON_NAME = AppIcon;
				CODE_SIGN_STYLE = Automatic;
				DEVELOPMENT_ASSET_PATHS = "\"terpscan/Preview Content\"";
				DEVELOPMENT_TEAM = HS7YUD2Q2D;
				ENABLE_PREVIEWS = YES;
				INFOPLIST_FILE = terpscan/Info.plist;
				LD_RUNPATH_SEARCH_PATHS = (
					"$(inherited)",
					"@executable_path/Frameworks",
				);
				PRODUCT_BUNDLE_IDENTIFIER = edu.umd.jle12345.terpscan;
				PRODUCT_NAME = "$(TARGET_NAME)";
				SWIFT_VERSION = 5.0;
				TARGETED_DEVICE_FAMILY = "1,2";
			};
			name = Release;
		};
		32C8DA7E242171E600D49967 /* Debug */ = {
			isa = XCBuildConfiguration;
			buildSettings = {
				ALWAYS_EMBED_SWIFT_STANDARD_LIBRARIES = YES;
				BUNDLE_LOADER = "$(TEST_HOST)";
				CODE_SIGN_STYLE = Automatic;
				DEVELOPMENT_TEAM = HS7YUD2Q2D;
				INFOPLIST_FILE = terpscanTests/Info.plist;
				IPHONEOS_DEPLOYMENT_TARGET = 13.2;
				LD_RUNPATH_SEARCH_PATHS = (
					"$(inherited)",
					"@executable_path/Frameworks",
					"@loader_path/Frameworks",
				);
				PRODUCT_BUNDLE_IDENTIFIER = edu.umd.jle12345.terpscanTests;
				PRODUCT_NAME = "$(TARGET_NAME)";
				SWIFT_VERSION = 5.0;
				TARGETED_DEVICE_FAMILY = "1,2";
				TEST_HOST = "$(BUILT_PRODUCTS_DIR)/terpscan.app/terpscan";
			};
			name = Debug;
		};
		32C8DA7F242171E600D49967 /* Release */ = {
			isa = XCBuildConfiguration;
			buildSettings = {
				ALWAYS_EMBED_SWIFT_STANDARD_LIBRARIES = YES;
				BUNDLE_LOADER = "$(TEST_HOST)";
				CODE_SIGN_STYLE = Automatic;
				DEVELOPMENT_TEAM = HS7YUD2Q2D;
				INFOPLIST_FILE = terpscanTests/Info.plist;
				IPHONEOS_DEPLOYMENT_TARGET = 13.2;
				LD_RUNPATH_SEARCH_PATHS = (
					"$(inherited)",
					"@executable_path/Frameworks",
					"@loader_path/Frameworks",
				);
				PRODUCT_BUNDLE_IDENTIFIER = edu.umd.jle12345.terpscanTests;
				PRODUCT_NAME = "$(TARGET_NAME)";
				SWIFT_VERSION = 5.0;
				TARGETED_DEVICE_FAMILY = "1,2";
				TEST_HOST = "$(BUILT_PRODUCTS_DIR)/terpscan.app/terpscan";
			};
			name = Release;
		};
		32C8DA81242171E600D49967 /* Debug */ = {
			isa = XCBuildConfiguration;
			buildSettings = {
				ALWAYS_EMBED_SWIFT_STANDARD_LIBRARIES = YES;
				CODE_SIGN_STYLE = Automatic;
				DEVELOPMENT_TEAM = HS7YUD2Q2D;
				INFOPLIST_FILE = terpscanUITests/Info.plist;
				LD_RUNPATH_SEARCH_PATHS = (
					"$(inherited)",
					"@executable_path/Frameworks",
					"@loader_path/Frameworks",
				);
				PRODUCT_BUNDLE_IDENTIFIER = edu.umd.jle12345.terpscanUITests;
				PRODUCT_NAME = "$(TARGET_NAME)";
				SWIFT_VERSION = 5.0;
				TARGETED_DEVICE_FAMILY = "1,2";
				TEST_TARGET_NAME = terpscan;
			};
			name = Debug;
		};
		32C8DA82242171E600D49967 /* Release */ = {
			isa = XCBuildConfiguration;
			buildSettings = {
				ALWAYS_EMBED_SWIFT_STANDARD_LIBRARIES = YES;
				CODE_SIGN_STYLE = Automatic;
				DEVELOPMENT_TEAM = HS7YUD2Q2D;
				INFOPLIST_FILE = terpscanUITests/Info.plist;
				LD_RUNPATH_SEARCH_PATHS = (
					"$(inherited)",
					"@executable_path/Frameworks",
					"@loader_path/Frameworks",
				);
				PRODUCT_BUNDLE_IDENTIFIER = edu.umd.jle12345.terpscanUITests;
				PRODUCT_NAME = "$(TARGET_NAME)";
				SWIFT_VERSION = 5.0;
				TARGETED_DEVICE_FAMILY = "1,2";
				TEST_TARGET_NAME = terpscan;
			};
			name = Release;
		};
/* End XCBuildConfiguration section */

/* Begin XCConfigurationList section */
		32C8DA46242171E300D49967 /* Build configuration list for PBXProject "terpscan" */ = {
			isa = XCConfigurationList;
			buildConfigurations = (
				32C8DA78242171E600D49967 /* Debug */,
				32C8DA79242171E600D49967 /* Release */,
			);
			defaultConfigurationIsVisible = 0;
			defaultConfigurationName = Release;
		};
		32C8DA7A242171E600D49967 /* Build configuration list for PBXNativeTarget "terpscan" */ = {
			isa = XCConfigurationList;
			buildConfigurations = (
				32C8DA7B242171E600D49967 /* Debug */,
				32C8DA7C242171E600D49967 /* Release */,
			);
			defaultConfigurationIsVisible = 0;
			defaultConfigurationName = Release;
		};
		32C8DA7D242171E600D49967 /* Build configuration list for PBXNativeTarget "terpscanTests" */ = {
			isa = XCConfigurationList;
			buildConfigurations = (
				32C8DA7E242171E600D49967 /* Debug */,
				32C8DA7F242171E600D49967 /* Release */,
			);
			defaultConfigurationIsVisible = 0;
			defaultConfigurationName = Release;
		};
		32C8DA80242171E600D49967 /* Build configuration list for PBXNativeTarget "terpscanUITests" */ = {
			isa = XCConfigurationList;
			buildConfigurations = (
				32C8DA81242171E600D49967 /* Debug */,
				32C8DA82242171E600D49967 /* Release */,
			);
			defaultConfigurationIsVisible = 0;
			defaultConfigurationName = Release;
		};
/* End XCConfigurationList section */

/* Begin XCRemoteSwiftPackageReference section */
		32C8DA8E2421D3F600D49967 /* XCRemoteSwiftPackageReference "CodeScanner" */ = {
			isa = XCRemoteSwiftPackageReference;
			repositoryURL = "https://github.com/twostraws/CodeScanner";
			requirement = {
				kind = upToNextMajorVersion;
				minimumVersion = 1.0.3;
			};
		};
/* End XCRemoteSwiftPackageReference section */

/* Begin XCSwiftPackageProductDependency section */
		32C8DA8F2421D3F600D49967 /* CodeScanner */ = {
			isa = XCSwiftPackageProductDependency;
			package = 32C8DA8E2421D3F600D49967 /* XCRemoteSwiftPackageReference "CodeScanner" */;
			productName = CodeScanner;
		};
/* End XCSwiftPackageProductDependency section */

/* Begin XCVersionGroup section */
		32C8DA50242171E300D49967 /* terpscan.xcdatamodeld */ = {
			isa = XCVersionGroup;
			children = (
				32C8DA51242171E300D49967 /* terpscan.xcdatamodel */,
			);
			currentVersion = 32C8DA51242171E300D49967 /* terpscan.xcdatamodel */;
			path = terpscan.xcdatamodeld;
			sourceTree = "<group>";
			versionGroupType = wrapper.xcdatamodel;
		};
/* End XCVersionGroup section */
	};
	rootObject = 32C8DA43242171E300D49967 /* Project object */;
}
